{
  "name": "sellalo-con-bright",
  "version": "1.0.0",
  "lockfileVersion": 3,
  "requires": true,
  "packages": {
    "": {
      "name": "sellalo-con-bright",
      "version": "1.0.0",
      "dependencies": {
        "@fontsource/archivo-black": "5.3.0",
        "@fontsource/dm-sans": "5.3.0",
        "@solar-icons/static": "2.1.0"
      },
      "engines": {
        "node": ">=20"
      }
    },
    "node_modules/@fontsource/archivo-black": {
      "version": "5.3.0",
      "resolved": "https://registry.npmjs.org/@fontsource/archivo-black/-/archivo-black-5.3.0.tgz",
      "integrity": "sha512-7EsTIQ+Blf96ktpzTUpI7msi+u9/AJxM/GZxOSkEubVd1jSTrFSTNxMgfpX/8rQsjZ+19a+qvRbtcTEp5J/72g==",
      "license": "OFL-1.1",
      "funding": {
        "url": "https://github.com/sponsors/ayuhito"
      }
    },
    "node_modules/@fontsource/dm-sans": {
      "version": "5.3.0",
      "resolved": "https://registry.npmjs.org/@fontsource/dm-sans/-/dm-sans-5.3.0.tgz",
      "integrity": "sha512-lYJtMXXO28q1z+yz+z8XKd0s4hXaa9QdkETzkyD760sidCv5heI86weYA0sx0Nc4pAMAQTUuyf4gO44cYKKS9g==",
      "license": "OFL-1.1",
      "funding": {
        "url": "https://github.com/sponsors/ayuhito"
      }
    },
    "node_modules/@solar-icons/static": {
      "version": "2.1.0",
      "resolved": "https://registry.npmjs.org/@solar-icons/static/-/static-2.1.0.tgz",
      "integrity": "sha512-X5Z55QyktQj+xh8d9McS+NqTvMT4AvKd3Zj0oVEO9rMk5VDpW9p49PaIYBG9vrjQGmLIjfj62d+Avd2ZZndZxg==",
      "license": "MIT",
      "engines": {
        "node": ">=16"
      }
    }
  }
}
